
Microsoft Visual Studio Solution File, Format Version 9.00
# Visual Studio 2005
Project("{8BC9CEB8-8B4A-11D0-8D11-00A0C91BC942}") = "logserver", "logserver.vcproj", "{A3FDFFF3-1BFA-4D73-B2D8-C5BA227B68C7}"
EndProject
Global
	GlobalSection(SolutionConfigurationPlatforms) = preSolution
		Debug|Win32 = Debug|Win32
		Release|Win32 = Release|Win32
	EndGlobalSection
	GlobalSection(ProjectConfigurationPlatforms) = postSolution
		{A3FDFFF3-1BFA-4D73-B2D8-C5BA227B68C7}.Debug|Win32.ActiveCfg = Debug|Win32
		{A3FDFFF3-1BFA-4D73-B2D8-C5BA227B68C7}.Debug|Win32.Build.0 = Debug|Win32
		{A3FDFFF3-1BFA-4D73-B2D8-C5BA227B68C7}.Release|Win32.ActiveCfg = Release|Win32
		{A3FDFFF3-1BFA-4D73-B2D8-C5BA227B68C7}.Release|Win32.Build.0 = Release|Win32
	EndGlobalSection
	GlobalSection(SolutionProperties) = preSolution
		HideSolutionNode = FALSE
	EndGlobalSection
EndGlobal
